Microsoft Visual Studio Solution File, Format Version 12.00
# Visual Studio Version 17
VisualStudioVersion = 17.5.2.0
MinimumVisualStudioVersion = 10.0.40219.1
Project("{FAE04EC0-301F-11D3-BF4B-00C04F79EFBC}") = "PriceImpactTrader", "PriceImpactTrader.csproj", "{547C9BD4-B5FA-917C-1CC5-4E13109D2B81}"
EndProject
Global
	GlobalSection(SolutionConfigurationPlatforms) = preSolution
		Debug|Any CPU = Debug|Any CPU
		Release|Any CPU = Release|Any CPU
	EndGlobalSection
	GlobalSection(ProjectConfigurationPlatforms) = postSolution
		{547C9BD4-B5FA-917C-1CC5-4E13109D2B81}.Debug|Any CPU.ActiveCfg = Debug|Any CPU
		{547C9BD4-B5FA-917C-1CC5-4E13109D2B81}.Debug|Any CPU.Build.0 = Debug|Any CPU
		{547C9BD4-B5FA-917C-1CC5-4E13109D2B81}.Release|Any CPU.ActiveCfg = Release|Any CPU
		{547C9BD4-B5FA-917C-1CC5-4E13109D2B81}.Release|Any CPU.Build.0 = Release|Any CPU
	EndGlobalSection
	GlobalSection(SolutionProperties) = preSolution
		HideSolutionNode = FALSE
	EndGlobalSection
	GlobalSection(ExtensibilityGlobals) = postSolution
		SolutionGuid = {E9BF5167-8729-4DB4-BE01-F1B4E8B8354E}
	EndGlobalSection
EndGlobal
